{
  "name": "@ngyuki/dotfiles",
  "lockfileVersion": 2,
  "requires": true,
  "packages": {
    "": {
      "name": "@ngyuki/dotfiles",
      "devDependencies": {
        "@types/node": "^18.15.3"
      }
    },
    "node_modules/@types/node": {
      "version": "18.17.9",
      "resolved": "https://registry.npmjs.org/@types/node/-/node-18.17.9.tgz",
      "integrity": "sha512-fxaKquqYcPOGwE7tC1anJaPJ0GHyOVzfA2oUoXECjBjrtsIz4YJvtNYsq8LUcjEUehEF+jGpx8Z+lFrtT6z0tg==",
      "dev": true
    }
  },
  "dependencies": {
    "@types/node": {
      "version": "18.17.9",
      "resolved": "https://registry.npmjs.org/@types/node/-/node-18.17.9.tgz",
      "integrity": "sha512-fxaKquqYcPOGwE7tC1anJaPJ0GHyOVzfA2oUoXECjBjrtsIz4YJvtNYsq8LUcjEUehEF+jGpx8Z+lFrtT6z0tg==",
      "dev": true
    }
  }
}
